
Microsoft Visual Studio Solution File, Format Version 12.00
# Visual Studio Version 17
VisualStudioVersion = 17.4.33213.308
MinimumVisualStudioVersion = 10.0.40219.1
Project("{FAE04EC0-301F-11D3-BF4B-00C04F79EFBC}") = "AM.UI.Console", "AM.UI.Console\AM.UI.Console.csproj", "{EC3BF283-352D-4CC8-8000-8E2CE1DB241A}"
EndProject
Project("{FAE04EC0-301F-11D3-BF4B-00C04F79EFBC}") = "AM.ApplicationCore", "AM.ApplicationCore\AM.ApplicationCore.csproj", "{CA9FE541-A52D-4726-83B4-F8D686076564}"
EndProject
Global
	GlobalSection(SolutionConfigurationPlatforms) = preSolution
		Debug|Any CPU = Debug|Any CPU
		Release|Any CPU = Release|Any CPU
	EndGlobalSection
	GlobalSection(ProjectConfigurationPlatforms) = postSolution
		{EC3BF283-352D-4CC8-8000-8E2CE1DB241A}.Debug|Any CPU.ActiveCfg = Debug|Any CPU
		{EC3BF283-352D-4CC8-8000-8E2CE1DB241A}.Debug|Any CPU.Build.0 = Debug|Any CPU
		{EC3BF283-352D-4CC8-8000-8E2CE1DB241A}.Release|Any CPU.ActiveCfg = Release|Any CPU
		{EC3BF283-352D-4CC8-8000-8E2CE1DB241A}.Release|Any CPU.Build.0 = Release|Any CPU
		{CA9FE541-A52D-4726-83B4-F8D686076564}.Debug|Any CPU.ActiveCfg = Debug|Any CPU
		{CA9FE541-A52D-4726-83B4-F8D686076564}.Debug|Any CPU.Build.0 = Debug|Any CPU
		{CA9FE541-A52D-4726-83B4-F8D686076564}.Release|Any CPU.ActiveCfg = Release|Any CPU
		{CA9FE541-A52D-4726-83B4-F8D686076564}.Release|Any CPU.Build.0 = Release|Any CPU
	EndGlobalSection
	GlobalSection(SolutionProperties) = preSolution
		HideSolutionNode = FALSE
	EndGlobalSection
	GlobalSection(ExtensibilityGlobals) = postSolution
		SolutionGuid = {E8E2440B-32E6-480F-8892-53880A93A93A}
	EndGlobalSection
EndGlobal
